// !$*UTF8*$!
{
	archiveVersion = 1;
	classes = {
	};
	objectVersion = 56;
	objects = {

/* Begin PBXBuildFile section */
		1E8EEE442C71E7610086B06F /* ListView.swift in Sources */ = {isa = PBXBuildFile; fileRef = 1E8EEE432C71E7610086B06F /* ListView.swift */; };
		1E8EEE462C71FB4E0086B06F /* ListCardCell.swift in Sources */ = {isa = PBXBuildFile; fileRef = 1E8EEE452C71FB4E0086B06F /* ListCardCell.swift */; };
		E7D427D62C4D293D00485BB9 /* WorkUpApp.swift in Sources */ = {isa = PBXBuildFile; fileRef = E7D427D52C4D293D00485BB9 /* WorkUpApp.swift */; };
		E7D427DA2C4D293E00485BB9 /* Assets.xcassets in Resources */ = {isa = PBXBuildFile; fileRef = E7D427D92C4D293E00485BB9 /* Assets.xcassets */; };
		E7D427DD2C4D293E00485BB9 /* Preview Assets.xcassets in Resources */ = {isa = PBXBuildFile; fileRef = E7D427DC2C4D293E00485BB9 /* Preview Assets.xcassets */; };
		E7D427EB2C4D3A6300485BB9 /* MainInfoView.swift in Sources */ = {isa = PBXBuildFile; fileRef = E7D427E52C4D3A6200485BB9 /* MainInfoView.swift */; };
		E7D427EC2C4D3A6300485BB9 /* EmptyCardView.swift in Sources */ = {isa = PBXBuildFile; fileRef = E7D427E62C4D3A6200485BB9 /* EmptyCardView.swift */; };
		E7D427ED2C4D3A6300485BB9 /* MainView.swift in Sources */ = {isa = PBXBuildFile; fileRef = E7D427E72C4D3A6200485BB9 /* MainView.swift */; };
		E7D427EE2C4D3A6300485BB9 /* CardDetailView.swift in Sources */ = {isa = PBXBuildFile; fileRef = E7D427E82C4D3A6200485BB9 /* CardDetailView.swift */; };
		E7D427EF2C4D3A6300485BB9 /* NewCardView.swift in Sources */ = {isa = PBXBuildFile; fileRef = E7D427E92C4D3A6300485BB9 /* NewCardView.swift */; };
		E7D427F02C4D3A6300485BB9 /* MainCardView.swift in Sources */ = {isa = PBXBuildFile; fileRef = E7D427EA2C4D3A6300485BB9 /* MainCardView.swift */; };
		E7D427F32C4D3A7400485BB9 /* MotionManager.swift in Sources */ = {isa = PBXBuildFile; fileRef = E7D427F12C4D3A7400485BB9 /* MotionManager.swift */; };
		E7D427F42C4D3A7400485BB9 /* NewCard.swift in Sources */ = {isa = PBXBuildFile; fileRef = E7D427F22C4D3A7400485BB9 /* NewCard.swift */; };
		E7D427F92C4D3A9800485BB9 /* TextEditor+.swift in Sources */ = {isa = PBXBuildFile; fileRef = E7D427F62C4D3A9800485BB9 /* TextEditor+.swift */; };
		E7D427FA2C4D3A9800485BB9 /* Color+.swift in Sources */ = {isa = PBXBuildFile; fileRef = E7D427F72C4D3A9800485BB9 /* Color+.swift */; };
		E7D427FB2C4D3A9800485BB9 /* View+.swift in Sources */ = {isa = PBXBuildFile; fileRef = E7D427F82C4D3A9800485BB9 /* View+.swift */; };
/* End PBXBuildFile section */

/* Begin PBXFileReference section */
		1E8EEE432C71E7610086B06F /* ListView.swift */ = {isa = PBXFileReference; lastKnownFileType = sourcecode.swift; path = ListView.swift; sourceTree = "<group>"; };
		1E8EEE452C71FB4E0086B06F /* ListCardCell.swift */ = {isa = PBXFileReference; lastKnownFileType = sourcecode.swift; path = ListCardCell.swift; sourceTree = "<group>"; };
		E7D427D22C4D293D00485BB9 /* WorkUp.app */ = {isa = PBXFileReference; explicitFileType = wrapper.application; includeInIndex = 0; path = WorkUp.app; sourceTree = BUILT_PRODUCTS_DIR; };
		E7D427D52C4D293D00485BB9 /* WorkUpApp.swift */ = {isa = PBXFileReference; lastKnownFileType = sourcecode.swift; path = WorkUpApp.swift; sourceTree = "<group>"; };
		E7D427D92C4D293E00485BB9 /* Assets.xcassets */ = {isa = PBXFileReference; lastKnownFileType = folder.assetcatalog; path = Assets.xcassets; sourceTree = "<group>"; };
		E7D427DC2C4D293E00485BB9 /* Preview Assets.xcassets */ = {isa = PBXFileReference; lastKnownFileType = folder.assetcatalog; path = "Preview Assets.xcassets"; sourceTree = "<group>"; };
		E7D427E52C4D3A6200485BB9 /* MainInfoView.swift */ = {isa = PBXFileReference; fileEncoding = 4; lastKnownFileType = sourcecode.swift; path = MainInfoView.swift; sourceTree = "<group>"; };
		E7D427E62C4D3A6200485BB9 /* EmptyCardView.swift */ = {isa = PBXFileReference; fileEncoding = 4; lastKnownFileType = sourcecode.swift; path = EmptyCardView.swift; sourceTree = "<group>"; };
		E7D427E72C4D3A6200485BB9 /* MainView.swift */ = {isa = PBXFileReference; fileEncoding = 4; lastKnownFileType = sourcecode.swift; path = MainView.swift; sourceTree = "<group>"; };
		E7D427E82C4D3A6200485BB9 /* CardDetailView.swift */ = {isa = PBXFileReference; fileEncoding = 4; lastKnownFileType = sourcecode.swift; path = CardDetailView.swift; sourceTree = "<group>"; };
		E7D427E92C4D3A6300485BB9 /* NewCardView.swift */ = {isa = PBXFileReference; fileEncoding = 4; lastKnownFileType = sourcecode.swift; path = NewCardView.swift; sourceTree = "<group>"; };
		E7D427EA2C4D3A6300485BB9 /* MainCardView.swift */ = {isa = PBXFileReference; fileEncoding = 4; lastKnownFileType = sourcecode.swift; path = MainCardView.swift; sourceTree = "<group>"; };
		E7D427F12C4D3A7400485BB9 /* MotionManager.swift */ = {isa = PBXFileReference; fileEncoding = 4; lastKnownFileType = sourcecode.swift; path = MotionManager.swift; sourceTree = "<group>"; };
		E7D427F22C4D3A7400485BB9 /* NewCard.swift */ = {isa = PBXFileReference; fileEncoding = 4; lastKnownFileType = sourcecode.swift; path = NewCard.swift; sourceTree = "<group>"; };
		E7D427F62C4D3A9800485BB9 /* TextEditor+.swift */ = {isa = PBXFileReference; fileEncoding = 4; lastKnownFileType = sourcecode.swift; path = "TextEditor+.swift"; sourceTree = "<group>"; };
		E7D427F72C4D3A9800485BB9 /* Color+.swift */ = {isa = PBXFileReference; fileEncoding = 4; lastKnownFileType = sourcecode.swift; path = "Color+.swift"; sourceTree = "<group>"; };
		E7D427F82C4D3A9800485BB9 /* View+.swift */ = {isa = PBXFileReference; fileEncoding = 4; lastKnownFileType = sourcecode.swift; path = "View+.swift"; sourceTree = "<group>"; };
/* End PBXFileReference section */

/* Begin PBXFrameworksBuildPhase section */
		E7D427CF2C4D293D00485BB9 /* Frameworks */ = {
			isa = PBXFrameworksBuildPhase;
			buildActionMask = 2147483647;
			files = (
			);
			runOnlyForDeploymentPostprocessing = 0;
		};
/* End PBXFrameworksBuildPhase section */

/* Begin PBXGroup section */
		1E8EEE422C71E74F0086B06F /* ListView */ = {
			isa = PBXGroup;
			children = (
				1E8EEE432C71E7610086B06F /* ListView.swift */,
				1E8EEE452C71FB4E0086B06F /* ListCardCell.swift */,
			);
			path = ListView;
			sourceTree = "<group>";
		};
		E7D427C92C4D293D00485BB9 = {
			isa = PBXGroup;
			children = (
				E7D427D42C4D293D00485BB9 /* WorkUp */,
				E7D427D32C4D293D00485BB9 /* Products */,
			);
			sourceTree = "<group>";
		};
		E7D427D32C4D293D00485BB9 /* Products */ = {
			isa = PBXGroup;
			children = (
				E7D427D22C4D293D00485BB9 /* WorkUp.app */,
			);
			name = Products;
			sourceTree = "<group>";
		};
		E7D427D42C4D293D00485BB9 /* WorkUp */ = {
			isa = PBXGroup;
			children = (
				E7D427D52C4D293D00485BB9 /* WorkUpApp.swift */,
				E7D427E42C4D3A5400485BB9 /* Model */,
				E7D427E32C4D3A4400485BB9 /* View */,
				E7D427D92C4D293E00485BB9 /* Assets.xcassets */,
				E7D427F52C4D3A8E00485BB9 /* Extensions */,
				E7D427DB2C4D293E00485BB9 /* Preview Content */,
			);
			path = WorkUp;
			sourceTree = "<group>";
		};
		E7D427DB2C4D293E00485BB9 /* Preview Content */ = {
			isa = PBXGroup;
			children = (
				E7D427DC2C4D293E00485BB9 /* Preview Assets.xcassets */,
			);
			path = "Preview Content";
			sourceTree = "<group>";
		};
		E7D427E32C4D3A4400485BB9 /* View */ = {
			isa = PBXGroup;
			children = (
				E7D427E82C4D3A6200485BB9 /* CardDetailView.swift */,
				E7D427E62C4D3A6200485BB9 /* EmptyCardView.swift */,
				E7D427E92C4D3A6300485BB9 /* NewCardView.swift */,
				E7D427EA2C4D3A6300485BB9 /* MainCardView.swift */,
				E7D427E52C4D3A6200485BB9 /* MainInfoView.swift */,
				E7D427E72C4D3A6200485BB9 /* MainView.swift */,
				1E8EEE422C71E74F0086B06F /* ListView */,
			);
			path = View;
			sourceTree = "<group>";
		};
		E7D427E42C4D3A5400485BB9 /* Model */ = {
			isa = PBXGroup;
			children = (
				E7D427F12C4D3A7400485BB9 /* MotionManager.swift */,
				E7D427F22C4D3A7400485BB9 /* NewCard.swift */,
			);
			path = Model;
			sourceTree = "<group>";
		};
		E7D427F52C4D3A8E00485BB9 /* Extensions */ = {
			isa = PBXGroup;
			children = (
				E7D427F72C4D3A9800485BB9 /* Color+.swift */,
				E7D427F62C4D3A9800485BB9 /* TextEditor+.swift */,
				E7D427F82C4D3A9800485BB9 /* View+.swift */,
			);
			path = Extensions;
			sourceTree = "<group>";
		};
/* End PBXGroup section */

/* Begin PBXNativeTarget section */
		E7D427D12C4D293D00485BB9 /* WorkUp */ = {
			isa = PBXNativeTarget;
			buildConfigurationList = E7D427E02C4D293E00485BB9 /* Build configuration list for PBXNativeTarget "WorkUp" */;
			buildPhases = (
				E7D427CE2C4D293D00485BB9 /* Sources */,
				E7D427CF2C4D293D00485BB9 /* Frameworks */,
				E7D427D02C4D293D00485BB9 /* Resources */,
			);
			buildRules = (
			);
			dependencies = (
			);
			name = WorkUp;
			productName = WorkUp;
			productReference = E7D427D22C4D293D00485BB9 /* WorkUp.app */;
			productType = "com.apple.product-type.application";
		};
/* End PBXNativeTarget section */

/* Begin PBXProject section */
		E7D427CA2C4D293D00485BB9 /* Project object */ = {
			isa = PBXProject;
			attributes = {
				BuildIndependentTargetsInParallel = 1;
				LastSwiftUpdateCheck = 1540;
				LastUpgradeCheck = 1540;
				TargetAttributes = {
					E7D427D12C4D293D00485BB9 = {
						CreatedOnToolsVersion = 15.4;
					};
				};
			};
			buildConfigurationList = E7D427CD2C4D293D00485BB9 /* Build configuration list for PBXProject "WorkUp" */;
			compatibilityVersion = "Xcode 14.0";
			developmentRegion = en;
			hasScannedForEncodings = 0;
			knownRegions = (
				en,
				Base,
			);
			mainGroup = E7D427C92C4D293D00485BB9;
			productRefGroup = E7D427D32C4D293D00485BB9 /* Products */;
			projectDirPath = "";
			projectRoot = "";
			targets = (
				E7D427D12C4D293D00485BB9 /* WorkUp */,
			);
		};
/* End PBXProject section */

/* Begin PBXResourcesBuildPhase section */
		E7D427D02C4D293D00485BB9 /* Resources */ = {
			isa = PBXResourcesBuildPhase;
			buildActionMask = 2147483647;
			files = (
				E7D427DD2C4D293E00485BB9 /* Preview Assets.xcassets in Resources */,
				E7D427DA2C4D293E00485BB9 /* Assets.xcassets in Resources */,
			);
			runOnlyForDeploymentPostprocessing = 0;
		};
/* End PBXResourcesBuildPhase section */

/* Begin PBXSourcesBuildPhase section */
		E7D427CE2C4D293D00485BB9 /* Sources */ = {
			isa = PBXSourcesBuildPhase;
			buildActionMask = 2147483647;
			files = (
				E7D427F42C4D3A7400485BB9 /* NewCard.swift in Sources */,
				1E8EEE442C71E7610086B06F /* ListView.swift in Sources */,
				E7D427FA2C4D3A9800485BB9 /* Color+.swift in Sources */,
				E7D427ED2C4D3A6300485BB9 /* MainView.swift in Sources */,
				E7D427F92C4D3A9800485BB9 /* TextEditor+.swift in Sources */,
				E7D427F02C4D3A6300485BB9 /* MainCardView.swift in Sources */,
				E7D427EB2C4D3A6300485BB9 /* MainInfoView.swift in Sources */,
				E7D427F32C4D3A7400485BB9 /* MotionManager.swift in Sources */,
				E7D427FB2C4D3A9800485BB9 /* View+.swift in Sources */,
				E7D427EE2C4D3A6300485BB9 /* CardDetailView.swift in Sources */,
				E7D427EC2C4D3A6300485BB9 /* EmptyCardView.swift in Sources */,
				1E8EEE462C71FB4E0086B06F /* ListCardCell.swift in Sources */,
				E7D427D62C4D293D00485BB9 /* WorkUpApp.swift in Sources */,
				E7D427EF2C4D3A6300485BB9 /* NewCardView.swift in Sources */,
			);
			runOnlyForDeploymentPostprocessing = 0;
		};
/* End PBXSourcesBuildPhase section */

/* Begin XCBuildConfiguration section */
		E7D427DE2C4D293E00485BB9 /* Debug */ = {
			isa = XCBuildConfiguration;
			buildSettings = {
				ALWAYS_SEARCH_USER_PATHS = NO;
				ASSETCATALOG_COMPILER_GENERATE_SWIFT_ASSET_SYMBOL_EXTENSIONS = YES;
				CLANG_ANALYZER_NONNULL = YES;
				CLANG_ANALYZER_NUMBER_OBJECT_CONVERSION = YES_AGGRESSIVE;
				CLANG_CXX_LANGUAGE_STANDARD = "gnu++20";
				CLANG_ENABLE_MODULES = YES;
				CLANG_ENABLE_OBJC_ARC = YES;
				CLANG_ENABLE_OBJC_WEAK = YES;
				CLANG_WARN_BLOCK_CAPTURE_AUTORELEASING = YES;
				CLANG_WARN_BOOL_CONVERSION = YES;
				CLANG_WARN_COMMA = YES;
				CLANG_WARN_CONSTANT_CONVERSION = YES;
				CLANG_WARN_DEPRECATED_OBJC_IMPLEMENTATIONS = YES;
				CLANG_WARN_DIRECT_OBJC_ISA_USAGE = YES_ERROR;
				CLANG_WARN_DOCUMENTATION_COMMENTS = YES;
				CLANG_WARN_EMPTY_BODY = YES;
				CLANG_WARN_ENUM_CONVERSION = YES;
				CLANG_WARN_INFINITE_RECURSION = YES;
				CLANG_WARN_INT_CONVERSION = YES;
				CLANG_WARN_NON_LITERAL_NULL_CONVERSION = YES;
				CLANG_WARN_OBJC_IMPLICIT_RETAIN_SELF = YES;
				CLANG_WARN_OBJC_LITERAL_CONVERSION = YES;
				CLANG_WARN_OBJC_ROOT_CLASS = YES_ERROR;
				CLANG_WARN_QUOTED_INCLUDE_IN_FRAMEWORK_HEADER = YES;
				CLANG_WARN_RANGE_LOOP_ANALYSIS = YES;
				CLANG_WARN_STRICT_PROTOTYPES = YES;
				CLANG_WARN_SUSPICIOUS_MOVE = YES;
				CLANG_WARN_UNGUARDED_AVAILABILITY = YES_AGGRESSIVE;
				CLANG_WARN_UNREACHABLE_CODE = YES;
				CLANG_WARN__DUPLICATE_METHOD_MATCH = YES;
				COPY_PHASE_STRIP = NO;
				DEBUG_INFORMATION_FORMAT = dwarf;
				ENABLE_STRICT_OBJC_MSGSEND = YES;
				ENABLE_TESTABILITY = YES;
				ENABLE_USER_SCRIPT_SANDBOXING = YES;
				GCC_C_LANGUAGE_STANDARD = gnu17;
				GCC_DYNAMIC_NO_PIC = NO;
				GCC_NO_COMMON_BLOCKS = YES;
				GCC_OPTIMIZATION_LEVEL = 0;
				GCC_PREPROCESSOR_DEFINITIONS = (
					"DEBUG=1",
					"$(inherited)",
				);
				GCC_WARN_64_TO_32_BIT_CONVERSION = YES;
				GCC_WARN_ABOUT_RETURN_TYPE = YES_ERROR;
				GCC_WARN_UNDECLARED_SELECTOR = YES;
				GCC_WARN_UNINITIALIZED_AUTOS = YES_AGGRESSIVE;
				GCC_WARN_UNUSED_FUNCTION = YES;
				GCC_WARN_UNUSED_VARIABLE = YES;
				IPHONEOS_DEPLOYMENT_TARGET = 17.5;
				LOCALIZATION_PREFERS_STRING_CATALOGS = YES;
				MTL_ENABLE_DEBUG_INFO = INCLUDE_SOURCE;
				MTL_FAST_MATH = YES;
				ONLY_ACTIVE_ARCH = YES;
				SDKROOT = iphoneos;
				SWIFT_ACTIVE_COMPILATION_CONDITIONS = "DEBUG $(inherited)";
				SWIFT_OPTIMIZATION_LEVEL = "-Onone";
			};
			name = Debug;
		};
		E7D427DF2C4D293E00485BB9 /* Release */ = {
			isa = XCBuildConfiguration;
			buildSettings = {
				ALWAYS_SEARCH_USER_PATHS = NO;
				ASSETCATALOG_COMPILER_GENERATE_SWIFT_ASSET_SYMBOL_EXTENSIONS = YES;
				CLANG_ANALYZER_NONNULL = YES;
				CLANG_ANALYZER_NUMBER_OBJECT_CONVERSION = YES_AGGRESSIVE;
				CLANG_CXX_LANGUAGE_STANDARD = "gnu++20";
				CLANG_ENABLE_MODULES = YES;
				CLANG_ENABLE_OBJC_ARC = YES;
				CLANG_ENABLE_OBJC_WEAK = YES;
				CLANG_WARN_BLOCK_CAPTURE_AUTORELEASING = YES;
				CLANG_WARN_BOOL_CONVERSION = YES;
				CLANG_WARN_COMMA = YES;
				CLANG_WARN_CONSTANT_CONVERSION = YES;
				CLANG_WARN_DEPRECATED_OBJC_IMPLEMENTATIONS = YES;
				CLANG_WARN_DIRECT_OBJC_ISA_USAGE = YES_ERROR;
				CLANG_WARN_DOCUMENTATION_COMMENTS = YES;
				CLANG_WARN_EMPTY_BODY = YES;
				CLANG_WARN_ENUM_CONVERSION = YES;
				CLANG_WARN_INFINITE_RECURSION = YES;
				CLANG_WARN_INT_CONVERSION = YES;
				CLANG_WARN_NON_LITERAL_NULL_CONVERSION = YES;
				CLANG_WARN_OBJC_IMPLICIT_RETAIN_SELF = YES;
				CLANG_WARN_OBJC_LITERAL_CONVERSION = YES;
				CLANG_WARN_OBJC_ROOT_CLASS = YES_ERROR;
				CLANG_WARN_QUOTED_INCLUDE_IN_FRAMEWORK_HEADER = YES;
				CLANG_WARN_RANGE_LOOP_ANALYSIS = YES;
				CLANG_WARN_STRICT_PROTOTYPES = YES;
				CLANG_WARN_SUSPICIOUS_MOVE = YES;
				CLANG_WARN_UNGUARDED_AVAILABILITY = YES_AGGRESSIVE;
				CLANG_WARN_UNREACHABLE_CODE = YES;
				CLANG_WARN__DUPLICATE_METHOD_MATCH = YES;
				COPY_PHASE_STRIP = NO;
				DEBUG_INFORMATION_FORMAT = "dwarf-with-dsym";
				ENABLE_NS_ASSERTIONS = NO;
				ENABLE_STRICT_OBJC_MSGSEND = YES;
				ENABLE_USER_SCRIPT_SANDBOXING = YES;
				GCC_C_LANGUAGE_STANDARD = gnu17;
				GCC_NO_COMMON_BLOCKS = YES;
				GCC_WARN_64_TO_32_BIT_CONVERSION = YES;
				GCC_WARN_ABOUT_RETURN_TYPE = YES_ERROR;
				GCC_WARN_UNDECLARED_SELECTOR = YES;
				GCC_WARN_UNINITIALIZED_AUTOS = YES_AGGRESSIVE;
				GCC_WARN_UNUSED_FUNCTION = YES;
				GCC_WARN_UNUSED_VARIABLE = YES;
				IPHONEOS_DEPLOYMENT_TARGET = 17.5;
				LOCALIZATION_PREFERS_STRING_CATALOGS = YES;
				MTL_ENABLE_DEBUG_INFO = NO;
				MTL_FAST_MATH = YES;
				SDKROOT = iphoneos;
				SWIFT_COMPILATION_MODE = wholemodule;
				VALIDATE_PRODUCT = YES;
			};
			name = Release;
		};
		E7D427E12C4D293E00485BB9 /* Debug */ = {
			isa = XCBuildConfiguration;
			buildSettings = {
				ASSETCATALOG_COMPILER_APPICON_NAME = AppIcon;
				ASSETCATALOG_COMPILER_GLOBAL_ACCENT_COLOR_NAME = AccentColor;
				CODE_SIGN_STYLE = Automatic;
				CURRENT_PROJECT_VERSION = 1;
				DEVELOPMENT_ASSET_PATHS = "\"WorkUp/Preview Content\"";
				DEVELOPMENT_TEAM = AFS6YUQ2Y4;
				ENABLE_PREVIEWS = YES;
				GENERATE_INFOPLIST_FILE = YES;
				INFOPLIST_KEY_UIApplicationSceneManifest_Generation = YES;
				INFOPLIST_KEY_UIApplicationSupportsIndirectInputEvents = YES;
				INFOPLIST_KEY_UILaunchScreen_Generation = YES;
				INFOPLIST_KEY_UISupportedInterfaceOrientations_iPad = "UIInterfaceOrientationPortrait UIInterfaceOrientationPortraitUpsideDown UIInterfaceOrientationLandscapeLeft UIInterfaceOrientationLandscapeRight";
				INFOPLIST_KEY_UISupportedInterfaceOrientations_iPhone = "UIInterfaceOrientationPortrait UIInterfaceOrientationLandscapeLeft UIInterfaceOrientationLandscapeRight";
				LD_RUNPATH_SEARCH_PATHS = (
					"$(inherited)",
					"@executable_path/Frameworks",
				);
				MARKETING_VERSION = 1.0;
				PRODUCT_BUNDLE_IDENTIFIER = com.myorganization.WorkUp;
				PRODUCT_NAME = "$(TARGET_NAME)";
				SWIFT_EMIT_LOC_STRINGS = YES;
				SWIFT_VERSION = 5.0;
				TARGETED_DEVICE_FAMILY = "1,2";
			};
			name = Debug;
		};
		E7D427E22C4D293E00485BB9 /* Release */ = {
			isa = XCBuildConfiguration;
			buildSettings = {
				ASSETCATALOG_COMPILER_APPICON_NAME = AppIcon;
				ASSETCATALOG_COMPILER_GLOBAL_ACCENT_COLOR_NAME = AccentColor;
				CODE_SIGN_STYLE = Automatic;
				CURRENT_PROJECT_VERSION = 1;
				DEVELOPMENT_ASSET_PATHS = "\"WorkUp/Preview Content\"";
				DEVELOPMENT_TEAM = AFS6YUQ2Y4;
				ENABLE_PREVIEWS = YES;
				GENERATE_INFOPLIST_FILE = YES;
				INFOPLIST_KEY_UIApplicationSceneManifest_Generation = YES;
				INFOPLIST_KEY_UIApplicationSupportsIndirectInputEvents = YES;
				INFOPLIST_KEY_UILaunchScreen_Generation = YES;
				INFOPLIST_KEY_UISupportedInterfaceOrientations_iPad = "UIInterfaceOrientationPortrait UIInterfaceOrientationPortraitUpsideDown UIInterfaceOrientationLandscapeLeft UIInterfaceOrientationLandscapeRight";
				INFOPLIST_KEY_UISupportedInterfaceOrientations_iPhone = "UIInterfaceOrientationPortrait UIInterfaceOrientationLandscapeLeft UIInterfaceOrientationLandscapeRight";
				LD_RUNPATH_SEARCH_PATHS = (
					"$(inherited)",
					"@executable_path/Frameworks",
				);
				MARKETING_VERSION = 1.0;
				PRODUCT_BUNDLE_IDENTIFIER = com.myorganization.WorkUp;
				PRODUCT_NAME = "$(TARGET_NAME)";
				SWIFT_EMIT_LOC_STRINGS = YES;
				SWIFT_VERSION = 5.0;
				TARGETED_DEVICE_FAMILY = "1,2";
			};
			name = Release;
		};
/* End XCBuildConfiguration section */

/* Begin XCConfigurationList section */
		E7D427CD2C4D293D00485BB9 /* Build configuration list for PBXProject "WorkUp" */ = {
			isa = XCConfigurationList;
			buildConfigurations = (
				E7D427DE2C4D293E00485BB9 /* Debug */,
				E7D427DF2C4D293E00485BB9 /* Release */,
			);
			defaultConfigurationIsVisible = 0;
			defaultConfigurationName = Release;
		};
		E7D427E02C4D293E00485BB9 /* Build configuration list for PBXNativeTarget "WorkUp" */ = {
			isa = XCConfigurationList;
			buildConfigurations = (
				E7D427E12C4D293E00485BB9 /* Debug */,
				E7D427E22C4D293E00485BB9 /* Release */,
			);
			defaultConfigurationIsVisible = 0;
			defaultConfigurationName = Release;
		};
/* End XCConfigurationList section */
	};
	rootObject = E7D427CA2C4D293D00485BB9 /* Project object */;
}
